
Microsoft Visual Studio Solution File, Format Version 12.00
# Visual Studio Version 17
VisualStudioVersion = 17.3.32804.467
MinimumVisualStudioVersion = 10.0.40219.1
Project("{9A19103F-16F7-4668-BE54-9A1E7A4F7556}") = "WebAppDETAug2022", "WebAppDETAug2022\WebAppDETAug2022.csproj", "{5A2EA06C-044D-468A-AFBE-AB3A4CDA6E89}"
EndProject
Project("{9A19103F-16F7-4668-BE54-9A1E7A4F7556}") = "MVCDemo", "MVCDemo\MVCDemo.csproj", "{FFD92587-1944-4F07-B190-8B1A1DE863AB}"
EndProject
Project("{9A19103F-16F7-4668-BE54-9A1E7A4F7556}") = "APIDemo", "APIDemo\APIDemo.csproj", "{D4D5134B-5586-480A-A94B-DC8BFADB94A0}"
EndProject
Project("{9A19103F-16F7-4668-BE54-9A1E7A4F7556}") = "ConsoleApiClient", "ConsoleApiClient\ConsoleApiClient.csproj", "{38ED0F7D-023E-4693-9B58-0F752A812B2C}"
EndProject
Project("{9A19103F-16F7-4668-BE54-9A1E7A4F7556}") = "WebAppPractice", "WebAppPractise\WebAppPractice.csproj", "{6D91046F-8972-4667-BA1F-72D113F176C4}"
EndProject
Project("{9A19103F-16F7-4668-BE54-9A1E7A4F7556}") = "Bank", "Bank\Bank.csproj", "{7F50E08A-21F0-405C-80AF-4480D26992C7}"
EndProject
Project("{9A19103F-16F7-4668-BE54-9A1E7A4F7556}") = "BankTests", "BankAccountTests.cs\BankTests.csproj", "{53F58D4E-95A4-4014-A8AE-4213210BA104}"
EndProject
Project("{9A19103F-16F7-4668-BE54-9A1E7A4F7556}") = "MyFirstUnitTests", "MyFirstUnitTests\MyFirstUnitTests.csproj", "{051C25BF-9CCF-42B4-A472-357ECF68C4DC}"
EndProject
Project("{9A19103F-16F7-4668-BE54-9A1E7A4F7556}") = "PizzaClassLibrary", "PizzaClassLibrary\PizzaClassLibrary.csproj", "{AAAC97CE-5482-4332-BC14-1EC4D0441A1E}"
EndProject
Project("{FAE04EC0-301F-11D3-BF4B-00C04F79EFBC}") = "TDDDemo", "TDDDemo\TDDDemo.csproj", "{98FEB7B2-62EE-4327-8512-868692FAF43A}"
EndProject
Project("{9A19103F-16F7-4668-BE54-9A1E7A4F7556}") = "Library.API", "Library.API\Library.API.csproj", "{9E3E6996-11F6-47F5-9CAC-9515C9BB9147}"
EndProject
Project("{9A19103F-16F7-4668-BE54-9A1E7A4F7556}") = "BooksControllerTest", "BookTest\BooksControllerTest.csproj", "{8961C34B-C14C-4E9C-B5AE-9B7433D97822}"
EndProject
Global
	GlobalSection(SolutionConfigurationPlatforms) = preSolution
		Debug|Any CPU = Debug|Any CPU
		Release|Any CPU = Release|Any CPU
	EndGlobalSection
	GlobalSection(ProjectConfigurationPlatforms) = postSolution
		{5A2EA06C-044D-468A-AFBE-AB3A4CDA6E89}.Debug|Any CPU.ActiveCfg = Debug|Any CPU
		{5A2EA06C-044D-468A-AFBE-AB3A4CDA6E89}.Debug|Any CPU.Build.0 = Debug|Any CPU
		{5A2EA06C-044D-468A-AFBE-AB3A4CDA6E89}.Release|Any CPU.ActiveCfg = Release|Any CPU
		{5A2EA06C-044D-468A-AFBE-AB3A4CDA6E89}.Release|Any CPU.Build.0 = Release|Any CPU
		{FFD92587-1944-4F07-B190-8B1A1DE863AB}.Debug|Any CPU.ActiveCfg = Debug|Any CPU
		{FFD92587-1944-4F07-B190-8B1A1DE863AB}.Debug|Any CPU.Build.0 = Debug|Any CPU
		{FFD92587-1944-4F07-B190-8B1A1DE863AB}.Release|Any CPU.ActiveCfg = Release|Any CPU
		{FFD92587-1944-4F07-B190-8B1A1DE863AB}.Release|Any CPU.Build.0 = Release|Any CPU
		{D4D5134B-5586-480A-A94B-DC8BFADB94A0}.Debug|Any CPU.ActiveCfg = Debug|Any CPU
		{D4D5134B-5586-480A-A94B-DC8BFADB94A0}.Debug|Any CPU.Build.0 = Debug|Any CPU
		{D4D5134B-5586-480A-A94B-DC8BFADB94A0}.Release|Any CPU.ActiveCfg = Release|Any CPU
		{D4D5134B-5586-480A-A94B-DC8BFADB94A0}.Release|Any CPU.Build.0 = Release|Any CPU
		{38ED0F7D-023E-4693-9B58-0F752A812B2C}.Debug|Any CPU.ActiveCfg = Debug|Any CPU
		{38ED0F7D-023E-4693-9B58-0F752A812B2C}.Debug|Any CPU.Build.0 = Debug|Any CPU
		{38ED0F7D-023E-4693-9B58-0F752A812B2C}.Release|Any CPU.ActiveCfg = Release|Any CPU
		{38ED0F7D-023E-4693-9B58-0F752A812B2C}.Release|Any CPU.Build.0 = Release|Any CPU
		{6D91046F-8972-4667-BA1F-72D113F176C4}.Debug|Any CPU.ActiveCfg = Debug|Any CPU
		{6D91046F-8972-4667-BA1F-72D113F176C4}.Debug|Any CPU.Build.0 = Debug|Any CPU
		{6D91046F-8972-4667-BA1F-72D113F176C4}.Release|Any CPU.ActiveCfg = Release|Any CPU
		{6D91046F-8972-4667-BA1F-72D113F176C4}.Release|Any CPU.Build.0 = Release|Any CPU
		{7F50E08A-21F0-405C-80AF-4480D26992C7}.Debug|Any CPU.ActiveCfg = Debug|Any CPU
		{7F50E08A-21F0-405C-80AF-4480D26992C7}.Debug|Any CPU.Build.0 = Debug|Any CPU
		{7F50E08A-21F0-405C-80AF-4480D26992C7}.Release|Any CPU.ActiveCfg = Release|Any CPU
		{7F50E08A-21F0-405C-80AF-4480D26992C7}.Release|Any CPU.Build.0 = Release|Any CPU
		{53F58D4E-95A4-4014-A8AE-4213210BA104}.Debug|Any CPU.ActiveCfg = Debug|Any CPU
		{53F58D4E-95A4-4014-A8AE-4213210BA104}.Debug|Any CPU.Build.0 = Debug|Any CPU
		{53F58D4E-95A4-4014-A8AE-4213210BA104}.Release|Any CPU.ActiveCfg = Release|Any CPU
		{53F58D4E-95A4-4014-A8AE-4213210BA104}.Release|Any CPU.Build.0 = Release|Any CPU
		{051C25BF-9CCF-42B4-A472-357ECF68C4DC}.Debug|Any CPU.ActiveCfg = Debug|Any CPU
		{051C25BF-9CCF-42B4-A472-357ECF68C4DC}.Debug|Any CPU.Build.0 = Debug|Any CPU
		{051C25BF-9CCF-42B4-A472-357ECF68C4DC}.Release|Any CPU.ActiveCfg = Release|Any CPU
		{051C25BF-9CCF-42B4-A472-357ECF68C4DC}.Release|Any CPU.Build.0 = Release|Any CPU
		{AAAC97CE-5482-4332-BC14-1EC4D0441A1E}.Debug|Any CPU.ActiveCfg = Debug|Any CPU
		{AAAC97CE-5482-4332-BC14-1EC4D0441A1E}.Debug|Any CPU.Build.0 = Debug|Any CPU
		{AAAC97CE-5482-4332-BC14-1EC4D0441A1E}.Release|Any CPU.ActiveCfg = Release|Any CPU
		{AAAC97CE-5482-4332-BC14-1EC4D0441A1E}.Release|Any CPU.Build.0 = Release|Any CPU
		{98FEB7B2-62EE-4327-8512-868692FAF43A}.Debug|Any CPU.ActiveCfg = Debug|Any CPU
		{98FEB7B2-62EE-4327-8512-868692FAF43A}.Debug|Any CPU.Build.0 = Debug|Any CPU
		{98FEB7B2-62EE-4327-8512-868692FAF43A}.Release|Any CPU.ActiveCfg = Release|Any CPU
		{98FEB7B2-62EE-4327-8512-868692FAF43A}.Release|Any CPU.Build.0 = Release|Any CPU
		{9E3E6996-11F6-47F5-9CAC-9515C9BB9147}.Debug|Any CPU.ActiveCfg = Debug|Any CPU
		{9E3E6996-11F6-47F5-9CAC-9515C9BB9147}.Debug|Any CPU.Build.0 = Debug|Any CPU
		{9E3E6996-11F6-47F5-9CAC-9515C9BB9147}.Release|Any CPU.ActiveCfg = Release|Any CPU
		{9E3E6996-11F6-47F5-9CAC-9515C9BB9147}.Release|Any CPU.Build.0 = Release|Any CPU
		{8961C34B-C14C-4E9C-B5AE-9B7433D97822}.Debug|Any CPU.ActiveCfg = Debug|Any CPU
		{8961C34B-C14C-4E9C-B5AE-9B7433D97822}.Debug|Any CPU.Build.0 = Debug|Any CPU
		{8961C34B-C14C-4E9C-B5AE-9B7433D97822}.Release|Any CPU.ActiveCfg = Release|Any CPU
		{8961C34B-C14C-4E9C-B5AE-9B7433D97822}.Release|Any CPU.Build.0 = Release|Any CPU
	EndGlobalSection
	GlobalSection(SolutionProperties) = preSolution
		HideSolutionNode = FALSE
	EndGlobalSection
	GlobalSection(ExtensibilityGlobals) = postSolution
		SolutionGuid = {C84C7F98-4E1B-4EE6-914C-B7F98EF7E834}
	EndGlobalSection
EndGlobal
